
Microsoft Visual Studio Solution File, Format Version 12.00
# Visual Studio Version 17
VisualStudioVersion = 17.4.33110.190
MinimumVisualStudioVersion = 10.0.40219.1
Project("{9A19103F-16F7-4668-BE54-9A1E7A4F7556}") = "ElectricCalcsRe", "ElectricCalcsRe\ElectricCalcsRe.csproj", "{DAC746DE-114B-4826-AA6C-7E99B1F091EC}"
EndProject
Project("{FAE04EC0-301F-11D3-BF4B-00C04F79EFBC}") = "Ploting", "Ploting\Ploting.csproj", "{546BA77D-642B-4C51-9184-D8A9A46FD207}"
EndProject
Global
	GlobalSection(SolutionConfigurationPlatforms) = preSolution
		Debug|Any CPU = Debug|Any CPU
		Release|Any CPU = Release|Any CPU
	EndGlobalSection
	GlobalSection(ProjectConfigurationPlatforms) = postSolution
		{DAC746DE-114B-4826-AA6C-7E99B1F091EC}.Debug|Any CPU.ActiveCfg = Debug|Any CPU
		{DAC746DE-114B-4826-AA6C-7E99B1F091EC}.Debug|Any CPU.Build.0 = Debug|Any CPU
		{DAC746DE-114B-4826-AA6C-7E99B1F091EC}.Release|Any CPU.ActiveCfg = Release|Any CPU
		{DAC746DE-114B-4826-AA6C-7E99B1F091EC}.Release|Any CPU.Build.0 = Release|Any CPU
		{546BA77D-642B-4C51-9184-D8A9A46FD207}.Debug|Any CPU.ActiveCfg = Debug|Any CPU
		{546BA77D-642B-4C51-9184-D8A9A46FD207}.Debug|Any CPU.Build.0 = Debug|Any CPU
		{546BA77D-642B-4C51-9184-D8A9A46FD207}.Release|Any CPU.ActiveCfg = Release|Any CPU
		{546BA77D-642B-4C51-9184-D8A9A46FD207}.Release|Any CPU.Build.0 = Release|Any CPU
	EndGlobalSection
	GlobalSection(SolutionProperties) = preSolution
		HideSolutionNode = FALSE
	EndGlobalSection
	GlobalSection(ExtensibilityGlobals) = postSolution
		SolutionGuid = {25E4D9AB-7E28-4A76-8B7D-E01EC7E9B307}
	EndGlobalSection
EndGlobal
